
Microsoft Visual Studio Solution File, Format Version 12.00
# Visual Studio Version 17
VisualStudioVersion = 17.10.35122.118
MinimumVisualStudioVersion = 10.0.40219.1
Project("{9A19103F-16F7-4668-BE54-9A1E7A4F7556}") = "ClintSideApplication", "ClintSideApplication\ClintSideApplication.csproj", "{BFA225DF-0EE6-41BE-B5DE-66FD02C5CD6C}"
EndProject
Project("{9A19103F-16F7-4668-BE54-9A1E7A4F7556}") = "ServerSideApplication", "ServerSideApplication\ServerSideApplication.csproj", "{7D3EECA4-2EFB-4F79-9894-D8DDEB9B20D4}"
EndProject
Project("{9A19103F-16F7-4668-BE54-9A1E7A4F7556}") = "ModelClasses", "ModelClasses\ModelClasses.csproj", "{5B91552E-EAA9-43A1-A285-85268F0024CF}"
EndProject
Global
	GlobalSection(SolutionConfigurationPlatforms) = preSolution
		Debug|Any CPU = Debug|Any CPU
		Release|Any CPU = Release|Any CPU
	EndGlobalSection
	GlobalSection(ProjectConfigurationPlatforms) = postSolution
		{BFA225DF-0EE6-41BE-B5DE-66FD02C5CD6C}.Debug|Any CPU.ActiveCfg = Debug|Any CPU
		{BFA225DF-0EE6-41BE-B5DE-66FD02C5CD6C}.Debug|Any CPU.Build.0 = Debug|Any CPU
		{BFA225DF-0EE6-41BE-B5DE-66FD02C5CD6C}.Release|Any CPU.ActiveCfg = Release|Any CPU
		{BFA225DF-0EE6-41BE-B5DE-66FD02C5CD6C}.Release|Any CPU.Build.0 = Release|Any CPU
		{7D3EECA4-2EFB-4F79-9894-D8DDEB9B20D4}.Debug|Any CPU.ActiveCfg = Debug|Any CPU
		{7D3EECA4-2EFB-4F79-9894-D8DDEB9B20D4}.Debug|Any CPU.Build.0 = Debug|Any CPU
		{7D3EECA4-2EFB-4F79-9894-D8DDEB9B20D4}.Release|Any CPU.ActiveCfg = Release|Any CPU
		{7D3EECA4-2EFB-4F79-9894-D8DDEB9B20D4}.Release|Any CPU.Build.0 = Release|Any CPU
		{5B91552E-EAA9-43A1-A285-85268F0024CF}.Debug|Any CPU.ActiveCfg = Debug|Any CPU
		{5B91552E-EAA9-43A1-A285-85268F0024CF}.Debug|Any CPU.Build.0 = Debug|Any CPU
		{5B91552E-EAA9-43A1-A285-85268F0024CF}.Release|Any CPU.ActiveCfg = Release|Any CPU
		{5B91552E-EAA9-43A1-A285-85268F0024CF}.Release|Any CPU.Build.0 = Release|Any CPU
	EndGlobalSection
	GlobalSection(SolutionProperties) = preSolution
		HideSolutionNode = FALSE
	EndGlobalSection
	GlobalSection(ExtensibilityGlobals) = postSolution
		SolutionGuid = {B5939505-62C4-436F-A1CB-95469FC4E944}
	EndGlobalSection
EndGlobal
